
Microsoft Visual Studio Solution File, Format Version 12.00
# Visual Studio 2013
VisualStudioVersion = 12.0.30501.0
MinimumVisualStudioVersion = 10.0.40219.1
Project("{888888A0-9F3D-457C-B088-3A5042F75D52}") = "py_login_1_1", "py_login_1_1\py_login_1_1.pyproj", "{A26C0562-39DD-40E0-BEEE-4772F237F2DF}"
EndProject
Global
	GlobalSection(SolutionConfigurationPlatforms) = preSolution
		Debug|Any CPU = Debug|Any CPU
		Release|Any CPU = Release|Any CPU
	EndGlobalSection
	GlobalSection(ProjectConfigurationPlatforms) = postSolution
		{A26C0562-39DD-40E0-BEEE-4772F237F2DF}.Debug|Any CPU.ActiveCfg = Debug|Any CPU
		{A26C0562-39DD-40E0-BEEE-4772F237F2DF}.Debug|Any CPU.Build.0 = Debug|Any CPU
		{A26C0562-39DD-40E0-BEEE-4772F237F2DF}.Release|Any CPU.ActiveCfg = Release|Any CPU
		{A26C0562-39DD-40E0-BEEE-4772F237F2DF}.Release|Any CPU.Build.0 = Release|Any CPU
	EndGlobalSection
	GlobalSection(SolutionProperties) = preSolution
		HideSolutionNode = FALSE
	EndGlobalSection
EndGlobal
